
Microsoft Visual Studio Solution File, Format Version 12.00
# Visual Studio 15
VisualStudioVersion = 15.0.26730.15
MinimumVisualStudioVersion = 10.0.40219.1
Project("{2150E333-8FDC-42A3-9474-1A3956D46DE8}") = "Engine", "Engine", "{6523D8C9-C7FC-4F10-A99B-26F375816769}"
EndProject
Project("{2150E333-8FDC-42A3-9474-1A3956D46DE8}") = "Samples", "Samples", "{42F78322-54FB-4C43-A298-56A14CB6D8F0}"
EndProject
Project("{2150E333-8FDC-42A3-9474-1A3956D46DE8}") = "Physics", "Physics", "{721A34CE-C5C1-44ED-9FDE-80F02D64EB2B}"
EndProject
Project("{2150E333-8FDC-42A3-9474-1A3956D46DE8}") = "Extras", "Extras", "{F08296EB-843E-4C5C-A921-7B3C0D11FB95}"
EndProject
Project("{F184B08F-C81C-45F6-A57F-5ABD9991F28F}") = "EDActionGameDemo", "EDActionGameDemo\EDActionGameDemo.vbproj", "{520555B8-0866-4AF7-86E5-572E496B1EEF}"
EndProject
Project("{F184B08F-C81C-45F6-A57F-5ABD9991F28F}") = "ExampleGallery", "ExampleGallery\ExampleGallery.vbproj", "{6C691D1B-663A-48FC-8FD8-353E01459661}"
EndProject
Project("{F184B08F-C81C-45F6-A57F-5ABD9991F28F}") = "EDGameEngine.Components.Audio", "EDGameEngine.Components.Audio\EDGameEngine.Components.Audio.vbproj", "{07491C73-58A4-405F-8BAB-C065F84B15DA}"
EndProject
Project("{2150E333-8FDC-42A3-9474-1A3956D46DE8}") = "Components", "Components", "{3602885E-12DF-493D-9C10-365C2F9E7F10}"
EndProject
Project("{F184B08F-C81C-45F6-A57F-5ABD9991F28F}") = "EDGameEngine.Components.Animation", "EDGameEngine.Components.Animation\EDGameEngine.Components.Animation.vbproj", "{88FE4058-EE25-46E8-9EFD-20FF3249165C}"
EndProject
Project("{F184B08F-C81C-45F6-A57F-5ABD9991F28F}") = "EDGameEngine.Components.Effect", "EDGameEngine.Components.Effect\EDGameEngine.Components.Effect.vbproj", "{72E57A54-C3A9-4918-A987-6F7769F56038}"
EndProject
Project("{F184B08F-C81C-45F6-A57F-5ABD9991F28F}") = "EDGameEngine.Components.Behavior", "EDGameEngine.Components.Behavior\EDGameEngine.Components.Behavior.vbproj", "{04FCBF91-1F22-4F69-9E75-F79C563F8054}"
EndProject
Project("{F184B08F-C81C-45F6-A57F-5ABD9991F28F}") = "EDGameEngine.Components.Trigger", "EDGameEngine.Components.Trigger\EDGameEngine.Components.Trigger.vbproj", "{83E8EEAE-0012-41F8-9C3F-F3EBC6B4A32C}"
EndProject
Project("{F184B08F-C81C-45F6-A57F-5ABD9991F28F}") = "EDGameEngine.Core.Graphics", "EDGameEngine.Core.Graphics\EDGameEngine.Core.Graphics.vbproj", "{063C77A7-4A06-4818-9074-3E993AFB526C}"
EndProject
Project("{2150E333-8FDC-42A3-9474-1A3956D46DE8}") = "Core", "Core", "{AE4A3F6E-0F68-4E79-899C-042DFECC8018}"
EndProject
Project("{2150E333-8FDC-42A3-9474-1A3956D46DE8}") = "Visuals", "Visuals", "{D99D40A7-81EA-4E93-AEC3-3CA4FAE1AB19}"
EndProject
Project("{F184B08F-C81C-45F6-A57F-5ABD9991F28F}") = "EDGameEngine.Core.UI", "EDGameEngine.Core.UI\EDGameEngine.Core.UI.vbproj", "{1EE8B83F-B355-456B-8CD1-F0DC9ADA7AF2}"
EndProject
Project("{F184B08F-C81C-45F6-A57F-5ABD9991F28F}") = "EDGameEngine.Visuals.AutoDraw", "EDGameEngine.Visuals.AutoDraw\EDGameEngine.Visuals.AutoDraw.vbproj", "{1AD50C09-C7FA-442D-885B-3BC5DB94C9FE}"
EndProject
Project("{F184B08F-C81C-45F6-A57F-5ABD9991F28F}") = "EDGameEngine.Visuals.CA", "EDGameEngine.Visuals.CA\EDGameEngine.Visuals.CA.vbproj", "{9ECE595D-A662-42DE-9145-EC6B0AC3CDEB}"
EndProject
Project("{F184B08F-C81C-45F6-A57F-5ABD9991F28F}") = "EDGameEngine.Visuals.Fractal", "EDGameEngine.Visuals.Fractal\EDGameEngine.Visuals.Fractal.vbproj", "{72422487-236D-42A6-A788-E12246D3DE44}"
EndProject
Project("{F184B08F-C81C-45F6-A57F-5ABD9991F28F}") = "EDGameEngine.Visuals.Particles", "EDGameEngine.Visuals.Particles\EDGameEngine.Visuals.Particles.vbproj", "{4315AE33-48DA-4841-ABE1-63A0B572F792}"
EndProject
Project("{F184B08F-C81C-45F6-A57F-5ABD9991F28F}") = "EDGameEngine.Visuals.Plant", "EDGameEngine.Visuals.Plant\EDGameEngine.Visuals.Plant.vbproj", "{EA28CF63-DCF0-43A6-A66F-EA7AE2B39CA3}"
EndProject
Project("{F184B08F-C81C-45F6-A57F-5ABD9991F28F}") = "EDGameEngine.Visuals.StateMachine", "EDGameEngine.Visuals.StateMachine\EDGameEngine.Visuals.StateMachine.vbproj", "{C013E847-DB9A-4E65-BC49-7E56960A4130}"
EndProject
Project("{F184B08F-C81C-45F6-A57F-5ABD9991F28F}") = "EDGameEngine.Visuals.Pointer", "EDGameEngine.Visuals.Pointer\EDGameEngine.Visuals.Pointer.vbproj", "{BBB2FA54-7B04-4631-A1DC-2093C127FC08}"
EndProject
Project("{F184B08F-C81C-45F6-A57F-5ABD9991F28F}") = "EDGameEngine.Visuals.AutoStitch", "EDGameEngine.Visuals.AutoStitch\EDGameEngine.Visuals.AutoStitch.vbproj", "{0B7BFBAF-8E3C-4979-9C5F-F3662B2C01FA}"
EndProject
Project("{F184B08F-C81C-45F6-A57F-5ABD9991F28F}") = "EDGameEngine.Core.Utilities", "EDGameEngine.Core.Utilities\EDGameEngine.Core.Utilities.vbproj", "{71B691A6-52F1-43C2-8D42-8DE3344EB510}"
EndProject
Project("{F184B08F-C81C-45F6-A57F-5ABD9991F28F}") = "EDGameEngine.Core", "EDGameEngine.Core\EDGameEngine.Core.vbproj", "{E7BD23B5-415A-489F-BFCD-CF16F25F1107}"
EndProject
Project("{F184B08F-C81C-45F6-A57F-5ABD9991F28F}") = "EDGameEngine.Extras.ActionGame", "EDGameEngine.Extras.ActionGame\EDGameEngine.Extras.ActionGame.vbproj", "{1DDBE9BC-CBD1-4FB9-B1CC-E11BEC0E0798}"
EndProject
Project("{2150E333-8FDC-42A3-9474-1A3956D46DE8}") = "ActionGame", "ActionGame", "{9A271440-DD77-4B65-8A0D-36D9AB971419}"
EndProject
Project("{FAE04EC0-301F-11D3-BF4B-00C04F79EFBC}") = "FarsserPhysics.UWP", "FarsserPhysics.UWP\FarsserPhysics.UWP.csproj", "{21AF2B5B-EE02-496A-9D1B-6C692FACD68C}"
EndProject
Global
	GlobalSection(SolutionConfigurationPlatforms) = preSolution
		Debug|Any CPU = Debug|Any CPU
		Debug|ARM = Debug|ARM
		Debug|x64 = Debug|x64
		Debug|x86 = Debug|x86
		Release|Any CPU = Release|Any CPU
		Release|ARM = Release|ARM
		Release|x64 = Release|x64
		Release|x86 = Release|x86
	EndGlobalSection
	GlobalSection(ProjectConfigurationPlatforms) = postSolution
		{520555B8-0866-4AF7-86E5-572E496B1EEF}.Debug|Any CPU.ActiveCfg = Debug|x86
		{520555B8-0866-4AF7-86E5-572E496B1EEF}.Debug|Any CPU.Build.0 = Debug|x86
		{520555B8-0866-4AF7-86E5-572E496B1EEF}.Debug|Any CPU.Deploy.0 = Debug|x86
		{520555B8-0866-4AF7-86E5-572E496B1EEF}.Debug|ARM.ActiveCfg = Debug|ARM
		{520555B8-0866-4AF7-86E5-572E496B1EEF}.Debug|ARM.Build.0 = Debug|ARM
		{520555B8-0866-4AF7-86E5-572E496B1EEF}.Debug|ARM.Deploy.0 = Debug|ARM
		{520555B8-0866-4AF7-86E5-572E496B1EEF}.Debug|x64.ActiveCfg = Debug|x64
		{520555B8-0866-4AF7-86E5-572E496B1EEF}.Debug|x64.Build.0 = Debug|x64
		{520555B8-0866-4AF7-86E5-572E496B1EEF}.Debug|x64.Deploy.0 = Debug|x64
		{520555B8-0866-4AF7-86E5-572E496B1EEF}.Debug|x86.ActiveCfg = Debug|x86
		{520555B8-0866-4AF7-86E5-572E496B1EEF}.Debug|x86.Build.0 = Debug|x86
		{520555B8-0866-4AF7-86E5-572E496B1EEF}.Debug|x86.Deploy.0 = Debug|x86
		{520555B8-0866-4AF7-86E5-572E496B1EEF}.Release|Any CPU.ActiveCfg = Release|x86
		{520555B8-0866-4AF7-86E5-572E496B1EEF}.Release|ARM.ActiveCfg = Release|ARM
		{520555B8-0866-4AF7-86E5-572E496B1EEF}.Release|ARM.Build.0 = Release|ARM
		{520555B8-0866-4AF7-86E5-572E496B1EEF}.Release|ARM.Deploy.0 = Release|ARM
		{520555B8-0866-4AF7-86E5-572E496B1EEF}.Release|x64.ActiveCfg = Release|x64
		{520555B8-0866-4AF7-86E5-572E496B1EEF}.Release|x64.Build.0 = Release|x64
		{520555B8-0866-4AF7-86E5-572E496B1EEF}.Release|x64.Deploy.0 = Release|x64
		{520555B8-0866-4AF7-86E5-572E496B1EEF}.Release|x86.ActiveCfg = Release|x86
		{520555B8-0866-4AF7-86E5-572E496B1EEF}.Release|x86.Build.0 = Release|x86
		{520555B8-0866-4AF7-86E5-572E496B1EEF}.Release|x86.Deploy.0 = Release|x86
		{6C691D1B-663A-48FC-8FD8-353E01459661}.Debug|Any CPU.ActiveCfg = Debug|x86
		{6C691D1B-663A-48FC-8FD8-353E01459661}.Debug|Any CPU.Build.0 = Debug|x86
		{6C691D1B-663A-48FC-8FD8-353E01459661}.Debug|Any CPU.Deploy.0 = Debug|x86
		{6C691D1B-663A-48FC-8FD8-353E01459661}.Debug|ARM.ActiveCfg = Debug|ARM
		{6C691D1B-663A-48FC-8FD8-353E01459661}.Debug|ARM.Build.0 = Debug|ARM
		{6C691D1B-663A-48FC-8FD8-353E01459661}.Debug|ARM.Deploy.0 = Debug|ARM
		{6C691D1B-663A-48FC-8FD8-353E01459661}.Debug|x64.ActiveCfg = Debug|x64
		{6C691D1B-663A-48FC-8FD8-353E01459661}.Debug|x64.Build.0 = Debug|x64
		{6C691D1B-663A-48FC-8FD8-353E01459661}.Debug|x64.Deploy.0 = Debug|x64
		{6C691D1B-663A-48FC-8FD8-353E01459661}.Debug|x86.ActiveCfg = Debug|x86
		{6C691D1B-663A-48FC-8FD8-353E01459661}.Debug|x86.Build.0 = Debug|x86
		{6C691D1B-663A-48FC-8FD8-353E01459661}.Debug|x86.Deploy.0 = Debug|x86
		{6C691D1B-663A-48FC-8FD8-353E01459661}.Release|Any CPU.ActiveCfg = Release|x86
		{6C691D1B-663A-48FC-8FD8-353E01459661}.Release|ARM.ActiveCfg = Release|ARM
		{6C691D1B-663A-48FC-8FD8-353E01459661}.Release|ARM.Build.0 = Release|ARM
		{6C691D1B-663A-48FC-8FD8-353E01459661}.Release|ARM.Deploy.0 = Release|ARM
		{6C691D1B-663A-48FC-8FD8-353E01459661}.Release|x64.ActiveCfg = Release|x64
		{6C691D1B-663A-48FC-8FD8-353E01459661}.Release|x64.Build.0 = Release|x64
		{6C691D1B-663A-48FC-8FD8-353E01459661}.Release|x64.Deploy.0 = Release|x64
		{6C691D1B-663A-48FC-8FD8-353E01459661}.Release|x86.ActiveCfg = Release|x86
		{6C691D1B-663A-48FC-8FD8-353E01459661}.Release|x86.Build.0 = Release|x86
		{6C691D1B-663A-48FC-8FD8-353E01459661}.Release|x86.Deploy.0 = Release|x86
		{07491C73-58A4-405F-8BAB-C065F84B15DA}.Debug|Any CPU.ActiveCfg = Debug|Any CPU
		{07491C73-58A4-405F-8BAB-C065F84B15DA}.Debug|Any CPU.Build.0 = Debug|Any CPU
		{07491C73-58A4-405F-8BAB-C065F84B15DA}.Debug|ARM.ActiveCfg = Debug|ARM
		{07491C73-58A4-405F-8BAB-C065F84B15DA}.Debug|ARM.Build.0 = Debug|ARM
		{07491C73-58A4-405F-8BAB-C065F84B15DA}.Debug|x64.ActiveCfg = Debug|x64
		{07491C73-58A4-405F-8BAB-C065F84B15DA}.Debug|x64.Build.0 = Debug|x64
		{07491C73-58A4-405F-8BAB-C065F84B15DA}.Debug|x86.ActiveCfg = Debug|x86
		{07491C73-58A4-405F-8BAB-C065F84B15DA}.Debug|x86.Build.0 = Debug|x86
		{07491C73-58A4-405F-8BAB-C065F84B15DA}.Release|Any CPU.ActiveCfg = Release|Any CPU
		{07491C73-58A4-405F-8BAB-C065F84B15DA}.Release|Any CPU.Build.0 = Release|Any CPU
		{07491C73-58A4-405F-8BAB-C065F84B15DA}.Release|ARM.ActiveCfg = Release|ARM
		{07491C73-58A4-405F-8BAB-C065F84B15DA}.Release|ARM.Build.0 = Release|ARM
		{07491C73-58A4-405F-8BAB-C065F84B15DA}.Release|x64.ActiveCfg = Release|x64
		{07491C73-58A4-405F-8BAB-C065F84B15DA}.Release|x64.Build.0 = Release|x64
		{07491C73-58A4-405F-8BAB-C065F84B15DA}.Release|x86.ActiveCfg = Release|x86
		{07491C73-58A4-405F-8BAB-C065F84B15DA}.Release|x86.Build.0 = Release|x86
		{88FE4058-EE25-46E8-9EFD-20FF3249165C}.Debug|Any CPU.ActiveCfg = Debug|Any CPU
		{88FE4058-EE25-46E8-9EFD-20FF3249165C}.Debug|Any CPU.Build.0 = Debug|Any CPU
		{88FE4058-EE25-46E8-9EFD-20FF3249165C}.Debug|ARM.ActiveCfg = Debug|ARM
		{88FE4058-EE25-46E8-9EFD-20FF3249165C}.Debug|ARM.Build.0 = Debug|ARM
		{88FE4058-EE25-46E8-9EFD-20FF3249165C}.Debug|x64.ActiveCfg = Debug|x64
		{88FE4058-EE25-46E8-9EFD-20FF3249165C}.Debug|x64.Build.0 = Debug|x64
		{88FE4058-EE25-46E8-9EFD-20FF3249165C}.Debug|x86.ActiveCfg = Debug|x86
		{88FE4058-EE25-46E8-9EFD-20FF3249165C}.Debug|x86.Build.0 = Debug|x86
		{88FE4058-EE25-46E8-9EFD-20FF3249165C}.Release|Any CPU.ActiveCfg = Release|Any CPU
		{88FE4058-EE25-46E8-9EFD-20FF3249165C}.Release|Any CPU.Build.0 = Release|Any CPU
		{88FE4058-EE25-46E8-9EFD-20FF3249165C}.Release|ARM.ActiveCfg = Release|ARM
		{88FE4058-EE25-46E8-9EFD-20FF3249165C}.Release|ARM.Build.0 = Release|ARM
		{88FE4058-EE25-46E8-9EFD-20FF3249165C}.Release|x64.ActiveCfg = Release|x64
		{88FE4058-EE25-46E8-9EFD-20FF3249165C}.Release|x64.Build.0 = Release|x64
		{88FE4058-EE25-46E8-9EFD-20FF3249165C}.Release|x86.ActiveCfg = Release|x86
		{88FE4058-EE25-46E8-9EFD-20FF3249165C}.Release|x86.Build.0 = Release|x86
		{72E57A54-C3A9-4918-A987-6F7769F56038}.Debug|Any CPU.ActiveCfg = Debug|Any CPU
		{72E57A54-C3A9-4918-A987-6F7769F56038}.Debug|Any CPU.Build.0 = Debug|Any CPU
		{72E57A54-C3A9-4918-A987-6F7769F56038}.Debug|ARM.ActiveCfg = Debug|ARM
		{72E57A54-C3A9-4918-A987-6F7769F56038}.Debug|ARM.Build.0 = Debug|ARM
		{72E57A54-C3A9-4918-A987-6F7769F56038}.Debug|x64.ActiveCfg = Debug|x64
		{72E57A54-C3A9-4918-A987-6F7769F56038}.Debug|x64.Build.0 = Debug|x64
		{72E57A54-C3A9-4918-A987-6F7769F56038}.Debug|x86.ActiveCfg = Debug|x86
		{72E57A54-C3A9-4918-A987-6F7769F56038}.Debug|x86.Build.0 = Debug|x86
		{72E57A54-C3A9-4918-A987-6F7769F56038}.Release|Any CPU.ActiveCfg = Release|Any CPU
		{72E57A54-C3A9-4918-A987-6F7769F56038}.Release|Any CPU.Build.0 = Release|Any CPU
		{72E57A54-C3A9-4918-A987-6F7769F56038}.Release|ARM.ActiveCfg = Release|ARM
		{72E57A54-C3A9-4918-A987-6F7769F56038}.Release|ARM.Build.0 = Release|ARM
		{72E57A54-C3A9-4918-A987-6F7769F56038}.Release|x64.ActiveCfg = Release|x64
		{72E57A54-C3A9-4918-A987-6F7769F56038}.Release|x64.Build.0 = Release|x64
		{72E57A54-C3A9-4918-A987-6F7769F56038}.Release|x86.ActiveCfg = Release|x86
		{72E57A54-C3A9-4918-A987-6F7769F56038}.Release|x86.Build.0 = Release|x86
		{04FCBF91-1F22-4F69-9E75-F79C563F8054}.Debug|Any CPU.ActiveCfg = Debug|Any CPU
		{04FCBF91-1F22-4F69-9E75-F79C563F8054}.Debug|Any CPU.Build.0 = Debug|Any CPU
		{04FCBF91-1F22-4F69-9E75-F79C563F8054}.Debug|ARM.ActiveCfg = Debug|ARM
		{04FCBF91-1F22-4F69-9E75-F79C563F8054}.Debug|ARM.Build.0 = Debug|ARM
		{04FCBF91-1F22-4F69-9E75-F79C563F8054}.Debug|x64.ActiveCfg = Debug|x64
		{04FCBF91-1F22-4F69-9E75-F79C563F8054}.Debug|x64.Build.0 = Debug|x64
		{04FCBF91-1F22-4F69-9E75-F79C563F8054}.Debug|x86.ActiveCfg = Debug|x86
		{04FCBF91-1F22-4F69-9E75-F79C563F8054}.Debug|x86.Build.0 = Debug|x86
		{04FCBF91-1F22-4F69-9E75-F79C563F8054}.Release|Any CPU.ActiveCfg = Release|Any CPU
		{04FCBF91-1F22-4F69-9E75-F79C563F8054}.Release|Any CPU.Build.0 = Release|Any CPU
		{04FCBF91-1F22-4F69-9E75-F79C563F8054}.Release|ARM.ActiveCfg = Release|ARM
		{04FCBF91-1F22-4F69-9E75-F79C563F8054}.Release|ARM.Build.0 = Release|ARM
		{04FCBF91-1F22-4F69-9E75-F79C563F8054}.Release|x64.ActiveCfg = Release|x64
		{04FCBF91-1F22-4F69-9E75-F79C563F8054}.Release|x64.Build.0 = Release|x64
		{04FCBF91-1F22-4F69-9E75-F79C563F8054}.Release|x86.ActiveCfg = Release|x86
		{04FCBF91-1F22-4F69-9E75-F79C563F8054}.Release|x86.Build.0 = Release|x86
		{83E8EEAE-0012-41F8-9C3F-F3EBC6B4A32C}.Debug|Any CPU.ActiveCfg = Debug|Any CPU
		{83E8EEAE-0012-41F8-9C3F-F3EBC6B4A32C}.Debug|Any CPU.Build.0 = Debug|Any CPU
		{83E8EEAE-0012-41F8-9C3F-F3EBC6B4A32C}.Debug|ARM.ActiveCfg = Debug|ARM
		{83E8EEAE-0012-41F8-9C3F-F3EBC6B4A32C}.Debug|ARM.Build.0 = Debug|ARM
		{83E8EEAE-0012-41F8-9C3F-F3EBC6B4A32C}.Debug|x64.ActiveCfg = Debug|x64
		{83E8EEAE-0012-41F8-9C3F-F3EBC6B4A32C}.Debug|x64.Build.0 = Debug|x64
		{83E8EEAE-0012-41F8-9C3F-F3EBC6B4A32C}.Debug|x86.ActiveCfg = Debug|x86
		{83E8EEAE-0012-41F8-9C3F-F3EBC6B4A32C}.Debug|x86.Build.0 = Debug|x86
		{83E8EEAE-0012-41F8-9C3F-F3EBC6B4A32C}.Release|Any CPU.ActiveCfg = Release|Any CPU
		{83E8EEAE-0012-41F8-9C3F-F3EBC6B4A32C}.Release|Any CPU.Build.0 = Release|Any CPU
		{83E8EEAE-0012-41F8-9C3F-F3EBC6B4A32C}.Release|ARM.ActiveCfg = Release|ARM
		{83E8EEAE-0012-41F8-9C3F-F3EBC6B4A32C}.Release|ARM.Build.0 = Release|ARM
		{83E8EEAE-0012-41F8-9C3F-F3EBC6B4A32C}.Release|x64.ActiveCfg = Release|x64
		{83E8EEAE-0012-41F8-9C3F-F3EBC6B4A32C}.Release|x64.Build.0 = Release|x64
		{83E8EEAE-0012-41F8-9C3F-F3EBC6B4A32C}.Release|x86.ActiveCfg = Release|x86
		{83E8EEAE-0012-41F8-9C3F-F3EBC6B4A32C}.Release|x86.Build.0 = Release|x86
		{063C77A7-4A06-4818-9074-3E993AFB526C}.Debug|Any CPU.ActiveCfg = Debug|Any CPU
		{063C77A7-4A06-4818-9074-3E993AFB526C}.Debug|Any CPU.Build.0 = Debug|Any CPU
		{063C77A7-4A06-4818-9074-3E993AFB526C}.Debug|ARM.ActiveCfg = Debug|ARM
		{063C77A7-4A06-4818-9074-3E993AFB526C}.Debug|ARM.Build.0 = Debug|ARM
		{063C77A7-4A06-4818-9074-3E993AFB526C}.Debug|x64.ActiveCfg = Debug|x64
		{063C77A7-4A06-4818-9074-3E993AFB526C}.Debug|x64.Build.0 = Debug|x64
		{063C77A7-4A06-4818-9074-3E993AFB526C}.Debug|x86.ActiveCfg = Debug|x86
		{063C77A7-4A06-4818-9074-3E993AFB526C}.Debug|x86.Build.0 = Debug|x86
		{063C77A7-4A06-4818-9074-3E993AFB526C}.Release|Any CPU.ActiveCfg = Release|Any CPU
		{063C77A7-4A06-4818-9074-3E993AFB526C}.Release|Any CPU.Build.0 = Release|Any CPU
		{063C77A7-4A06-4818-9074-3E993AFB526C}.Release|ARM.ActiveCfg = Release|ARM
		{063C77A7-4A06-4818-9074-3E993AFB526C}.Release|ARM.Build.0 = Release|ARM
		{063C77A7-4A06-4818-9074-3E993AFB526C}.Release|x64.ActiveCfg = Release|x64
		{063C77A7-4A06-4818-9074-3E993AFB526C}.Release|x64.Build.0 = Release|x64
		{063C77A7-4A06-4818-9074-3E993AFB526C}.Release|x86.ActiveCfg = Release|x86
		{063C77A7-4A06-4818-9074-3E993AFB526C}.Release|x86.Build.0 = Release|x86
		{1EE8B83F-B355-456B-8CD1-F0DC9ADA7AF2}.Debug|Any CPU.ActiveCfg = Debug|Any CPU
		{1EE8B83F-B355-456B-8CD1-F0DC9ADA7AF2}.Debug|Any CPU.Build.0 = Debug|Any CPU
		{1EE8B83F-B355-456B-8CD1-F0DC9ADA7AF2}.Debug|ARM.ActiveCfg = Debug|ARM
		{1EE8B83F-B355-456B-8CD1-F0DC9ADA7AF2}.Debug|ARM.Build.0 = Debug|ARM
		{1EE8B83F-B355-456B-8CD1-F0DC9ADA7AF2}.Debug|x64.ActiveCfg = Debug|x64
		{1EE8B83F-B355-456B-8CD1-F0DC9ADA7AF2}.Debug|x64.Build.0 = Debug|x64
		{1EE8B83F-B355-456B-8CD1-F0DC9ADA7AF2}.Debug|x86.ActiveCfg = Debug|x86
		{1EE8B83F-B355-456B-8CD1-F0DC9ADA7AF2}.Debug|x86.Build.0 = Debug|x86
		{1EE8B83F-B355-456B-8CD1-F0DC9ADA7AF2}.Release|Any CPU.ActiveCfg = Release|Any CPU
		{1EE8B83F-B355-456B-8CD1-F0DC9ADA7AF2}.Release|Any CPU.Build.0 = Release|Any CPU
		{1EE8B83F-B355-456B-8CD1-F0DC9ADA7AF2}.Release|ARM.ActiveCfg = Release|ARM
		{1EE8B83F-B355-456B-8CD1-F0DC9ADA7AF2}.Release|ARM.Build.0 = Release|ARM
		{1EE8B83F-B355-456B-8CD1-F0DC9ADA7AF2}.Release|x64.ActiveCfg = Release|x64
		{1EE8B83F-B355-456B-8CD1-F0DC9ADA7AF2}.Release|x64.Build.0 = Release|x64
		{1EE8B83F-B355-456B-8CD1-F0DC9ADA7AF2}.Release|x86.ActiveCfg = Release|x86
		{1EE8B83F-B355-456B-8CD1-F0DC9ADA7AF2}.Release|x86.Build.0 = Release|x86
		{1AD50C09-C7FA-442D-885B-3BC5DB94C9FE}.Debug|Any CPU.ActiveCfg = Debug|Any CPU
		{1AD50C09-C7FA-442D-885B-3BC5DB94C9FE}.Debug|Any CPU.Build.0 = Debug|Any CPU
		{1AD50C09-C7FA-442D-885B-3BC5DB94C9FE}.Debug|ARM.ActiveCfg = Debug|ARM
		{1AD50C09-C7FA-442D-885B-3BC5DB94C9FE}.Debug|ARM.Build.0 = Debug|ARM
		{1AD50C09-C7FA-442D-885B-3BC5DB94C9FE}.Debug|x64.ActiveCfg = Debug|x64
		{1AD50C09-C7FA-442D-885B-3BC5DB94C9FE}.Debug|x64.Build.0 = Debug|x64
		{1AD50C09-C7FA-442D-885B-3BC5DB94C9FE}.Debug|x86.ActiveCfg = Debug|x86
		{1AD50C09-C7FA-442D-885B-3BC5DB94C9FE}.Debug|x86.Build.0 = Debug|x86
		{1AD50C09-C7FA-442D-885B-3BC5DB94C9FE}.Release|Any CPU.ActiveCfg = Release|Any CPU
		{1AD50C09-C7FA-442D-885B-3BC5DB94C9FE}.Release|Any CPU.Build.0 = Release|Any CPU
		{1AD50C09-C7FA-442D-885B-3BC5DB94C9FE}.Release|ARM.ActiveCfg = Release|ARM
		{1AD50C09-C7FA-442D-885B-3BC5DB94C9FE}.Release|ARM.Build.0 = Release|ARM
		{1AD50C09-C7FA-442D-885B-3BC5DB94C9FE}.Release|x64.ActiveCfg = Release|x64
		{1AD50C09-C7FA-442D-885B-3BC5DB94C9FE}.Release|x64.Build.0 = Release|x64
		{1AD50C09-C7FA-442D-885B-3BC5DB94C9FE}.Release|x86.ActiveCfg = Release|x86
		{1AD50C09-C7FA-442D-885B-3BC5DB94C9FE}.Release|x86.Build.0 = Release|x86
		{9ECE595D-A662-42DE-9145-EC6B0AC3CDEB}.Debug|Any CPU.ActiveCfg = Debug|Any CPU
		{9ECE595D-A662-42DE-9145-EC6B0AC3CDEB}.Debug|Any CPU.Build.0 = Debug|Any CPU
		{9ECE595D-A662-42DE-9145-EC6B0AC3CDEB}.Debug|ARM.ActiveCfg = Debug|ARM
		{9ECE595D-A662-42DE-9145-EC6B0AC3CDEB}.Debug|ARM.Build.0 = Debug|ARM
		{9ECE595D-A662-42DE-9145-EC6B0AC3CDEB}.Debug|x64.ActiveCfg = Debug|x64
		{9ECE595D-A662-42DE-9145-EC6B0AC3CDEB}.Debug|x64.Build.0 = Debug|x64
		{9ECE595D-A662-42DE-9145-EC6B0AC3CDEB}.Debug|x86.ActiveCfg = Debug|x86
		{9ECE595D-A662-42DE-9145-EC6B0AC3CDEB}.Debug|x86.Build.0 = Debug|x86
		{9ECE595D-A662-42DE-9145-EC6B0AC3CDEB}.Release|Any CPU.ActiveCfg = Release|Any CPU
		{9ECE595D-A662-42DE-9145-EC6B0AC3CDEB}.Release|Any CPU.Build.0 = Release|Any CPU
		{9ECE595D-A662-42DE-9145-EC6B0AC3CDEB}.Release|ARM.ActiveCfg = Release|ARM
		{9ECE595D-A662-42DE-9145-EC6B0AC3CDEB}.Release|ARM.Build.0 = Release|ARM
		{9ECE595D-A662-42DE-9145-EC6B0AC3CDEB}.Release|x64.ActiveCfg = Release|x64
		{9ECE595D-A662-42DE-9145-EC6B0AC3CDEB}.Release|x64.Build.0 = Release|x64
		{9ECE595D-A662-42DE-9145-EC6B0AC3CDEB}.Release|x86.ActiveCfg = Release|x86
		{9ECE595D-A662-42DE-9145-EC6B0AC3CDEB}.Release|x86.Build.0 = Release|x86
		{72422487-236D-42A6-A788-E12246D3DE44}.Debug|Any CPU.ActiveCfg = Debug|Any CPU
		{72422487-236D-42A6-A788-E12246D3DE44}.Debug|Any CPU.Build.0 = Debug|Any CPU
		{72422487-236D-42A6-A788-E12246D3DE44}.Debug|ARM.ActiveCfg = Debug|ARM
		{72422487-236D-42A6-A788-E12246D3DE44}.Debug|ARM.Build.0 = Debug|ARM
		{72422487-236D-42A6-A788-E12246D3DE44}.Debug|x64.ActiveCfg = Debug|x64
		{72422487-236D-42A6-A788-E12246D3DE44}.Debug|x64.Build.0 = Debug|x64
		{72422487-236D-42A6-A788-E12246D3DE44}.Debug|x86.ActiveCfg = Debug|x86
		{72422487-236D-42A6-A788-E12246D3DE44}.Debug|x86.Build.0 = Debug|x86
		{72422487-236D-42A6-A788-E12246D3DE44}.Release|Any CPU.ActiveCfg = Release|Any CPU
		{72422487-236D-42A6-A788-E12246D3DE44}.Release|Any CPU.Build.0 = Release|Any CPU
		{72422487-236D-42A6-A788-E12246D3DE44}.Release|ARM.ActiveCfg = Release|ARM
		{72422487-236D-42A6-A788-E12246D3DE44}.Release|ARM.Build.0 = Release|ARM
		{72422487-236D-42A6-A788-E12246D3DE44}.Release|x64.ActiveCfg = Release|x64
		{72422487-236D-42A6-A788-E12246D3DE44}.Release|x64.Build.0 = Release|x64
		{72422487-236D-42A6-A788-E12246D3DE44}.Release|x86.ActiveCfg = Release|x86
		{72422487-236D-42A6-A788-E12246D3DE44}.Release|x86.Build.0 = Release|x86
		{4315AE33-48DA-4841-ABE1-63A0B572F792}.Debug|Any CPU.ActiveCfg = Debug|Any CPU
		{4315AE33-48DA-4841-ABE1-63A0B572F792}.Debug|Any CPU.Build.0 = Debug|Any CPU
		{4315AE33-48DA-4841-ABE1-63A0B572F792}.Debug|ARM.ActiveCfg = Debug|ARM
		{4315AE33-48DA-4841-ABE1-63A0B572F792}.Debug|ARM.Build.0 = Debug|ARM
		{4315AE33-48DA-4841-ABE1-63A0B572F792}.Debug|x64.ActiveCfg = Debug|x64
		{4315AE33-48DA-4841-ABE1-63A0B572F792}.Debug|x64.Build.0 = Debug|x64
		{4315AE33-48DA-4841-ABE1-63A0B572F792}.Debug|x86.ActiveCfg = Debug|x86
		{4315AE33-48DA-4841-ABE1-63A0B572F792}.Debug|x86.Build.0 = Debug|x86
		{4315AE33-48DA-4841-ABE1-63A0B572F792}.Release|Any CPU.ActiveCfg = Release|Any CPU
		{4315AE33-48DA-4841-ABE1-63A0B572F792}.Release|Any CPU.Build.0 = Release|Any CPU
		{4315AE33-48DA-4841-ABE1-63A0B572F792}.Release|ARM.ActiveCfg = Release|ARM
		{4315AE33-48DA-4841-ABE1-63A0B572F792}.Release|ARM.Build.0 = Release|ARM
		{4315AE33-48DA-4841-ABE1-63A0B572F792}.Release|x64.ActiveCfg = Release|x64
		{4315AE33-48DA-4841-ABE1-63A0B572F792}.Release|x64.Build.0 = Release|x64
		{4315AE33-48DA-4841-ABE1-63A0B572F792}.Release|x86.ActiveCfg = Release|x86
		{4315AE33-48DA-4841-ABE1-63A0B572F792}.Release|x86.Build.0 = Release|x86
		{EA28CF63-DCF0-43A6-A66F-EA7AE2B39CA3}.Debug|Any CPU.ActiveCfg = Debug|Any CPU
		{EA28CF63-DCF0-43A6-A66F-EA7AE2B39CA3}.Debug|Any CPU.Build.0 = Debug|Any CPU
		{EA28CF63-DCF0-43A6-A66F-EA7AE2B39CA3}.Debug|ARM.ActiveCfg = Debug|ARM
		{EA28CF63-DCF0-43A6-A66F-EA7AE2B39CA3}.Debug|ARM.Build.0 = Debug|ARM
		{EA28CF63-DCF0-43A6-A66F-EA7AE2B39CA3}.Debug|x64.ActiveCfg = Debug|x64
		{EA28CF63-DCF0-43A6-A66F-EA7AE2B39CA3}.Debug|x64.Build.0 = Debug|x64
		{EA28CF63-DCF0-43A6-A66F-EA7AE2B39CA3}.Debug|x86.ActiveCfg = Debug|x86
		{EA28CF63-DCF0-43A6-A66F-EA7AE2B39CA3}.Debug|x86.Build.0 = Debug|x86
		{EA28CF63-DCF0-43A6-A66F-EA7AE2B39CA3}.Release|Any CPU.ActiveCfg = Release|Any CPU
		{EA28CF63-DCF0-43A6-A66F-EA7AE2B39CA3}.Release|Any CPU.Build.0 = Release|Any CPU
		{EA28CF63-DCF0-43A6-A66F-EA7AE2B39CA3}.Release|ARM.ActiveCfg = Release|ARM
		{EA28CF63-DCF0-43A6-A66F-EA7AE2B39CA3}.Release|ARM.Build.0 = Release|ARM
		{EA28CF63-DCF0-43A6-A66F-EA7AE2B39CA3}.Release|x64.ActiveCfg = Release|x64
		{EA28CF63-DCF0-43A6-A66F-EA7AE2B39CA3}.Release|x64.Build.0 = Release|x64
		{EA28CF63-DCF0-43A6-A66F-EA7AE2B39CA3}.Release|x86.ActiveCfg = Release|x86
		{EA28CF63-DCF0-43A6-A66F-EA7AE2B39CA3}.Release|x86.Build.0 = Release|x86
		{C013E847-DB9A-4E65-BC49-7E56960A4130}.Debug|Any CPU.ActiveCfg = Debug|Any CPU
		{C013E847-DB9A-4E65-BC49-7E56960A4130}.Debug|Any CPU.Build.0 = Debug|Any CPU
		{C013E847-DB9A-4E65-BC49-7E56960A4130}.Debug|ARM.ActiveCfg = Debug|ARM
		{C013E847-DB9A-4E65-BC49-7E56960A4130}.Debug|ARM.Build.0 = Debug|ARM
		{C013E847-DB9A-4E65-BC49-7E56960A4130}.Debug|x64.ActiveCfg = Debug|x64
		{C013E847-DB9A-4E65-BC49-7E56960A4130}.Debug|x64.Build.0 = Debug|x64
		{C013E847-DB9A-4E65-BC49-7E56960A4130}.Debug|x86.ActiveCfg = Debug|x86
		{C013E847-DB9A-4E65-BC49-7E56960A4130}.Debug|x86.Build.0 = Debug|x86
		{C013E847-DB9A-4E65-BC49-7E56960A4130}.Release|Any CPU.ActiveCfg = Release|Any CPU
		{C013E847-DB9A-4E65-BC49-7E56960A4130}.Release|Any CPU.Build.0 = Release|Any CPU
		{C013E847-DB9A-4E65-BC49-7E56960A4130}.Release|ARM.ActiveCfg = Release|ARM
		{C013E847-DB9A-4E65-BC49-7E56960A4130}.Release|ARM.Build.0 = Release|ARM
		{C013E847-DB9A-4E65-BC49-7E56960A4130}.Release|x64.ActiveCfg = Release|x64
		{C013E847-DB9A-4E65-BC49-7E56960A4130}.Release|x64.Build.0 = Release|x64
		{C013E847-DB9A-4E65-BC49-7E56960A4130}.Release|x86.ActiveCfg = Release|x86
		{C013E847-DB9A-4E65-BC49-7E56960A4130}.Release|x86.Build.0 = Release|x86
		{BBB2FA54-7B04-4631-A1DC-2093C127FC08}.Debug|Any CPU.ActiveCfg = Debug|Any CPU
		{BBB2FA54-7B04-4631-A1DC-2093C127FC08}.Debug|Any CPU.Build.0 = Debug|Any CPU
		{BBB2FA54-7B04-4631-A1DC-2093C127FC08}.Debug|ARM.ActiveCfg = Debug|ARM
		{BBB2FA54-7B04-4631-A1DC-2093C127FC08}.Debug|ARM.Build.0 = Debug|ARM
		{BBB2FA54-7B04-4631-A1DC-2093C127FC08}.Debug|x64.ActiveCfg = Debug|x64
		{BBB2FA54-7B04-4631-A1DC-2093C127FC08}.Debug|x64.Build.0 = Debug|x64
		{BBB2FA54-7B04-4631-A1DC-2093C127FC08}.Debug|x86.ActiveCfg = Debug|x86
		{BBB2FA54-7B04-4631-A1DC-2093C127FC08}.Debug|x86.Build.0 = Debug|x86
		{BBB2FA54-7B04-4631-A1DC-2093C127FC08}.Release|Any CPU.ActiveCfg = Release|Any CPU
		{BBB2FA54-7B04-4631-A1DC-2093C127FC08}.Release|Any CPU.Build.0 = Release|Any CPU
		{BBB2FA54-7B04-4631-A1DC-2093C127FC08}.Release|ARM.ActiveCfg = Release|ARM
		{BBB2FA54-7B04-4631-A1DC-2093C127FC08}.Release|ARM.Build.0 = Release|ARM
		{BBB2FA54-7B04-4631-A1DC-2093C127FC08}.Release|x64.ActiveCfg = Release|x64
		{BBB2FA54-7B04-4631-A1DC-2093C127FC08}.Release|x64.Build.0 = Release|x64
		{BBB2FA54-7B04-4631-A1DC-2093C127FC08}.Release|x86.ActiveCfg = Release|x86
		{BBB2FA54-7B04-4631-A1DC-2093C127FC08}.Release|x86.Build.0 = Release|x86
		{0B7BFBAF-8E3C-4979-9C5F-F3662B2C01FA}.Debug|Any CPU.ActiveCfg = Debug|Any CPU
		{0B7BFBAF-8E3C-4979-9C5F-F3662B2C01FA}.Debug|Any CPU.Build.0 = Debug|Any CPU
		{0B7BFBAF-8E3C-4979-9C5F-F3662B2C01FA}.Debug|ARM.ActiveCfg = Debug|ARM
		{0B7BFBAF-8E3C-4979-9C5F-F3662B2C01FA}.Debug|ARM.Build.0 = Debug|ARM
		{0B7BFBAF-8E3C-4979-9C5F-F3662B2C01FA}.Debug|x64.ActiveCfg = Debug|x64
		{0B7BFBAF-8E3C-4979-9C5F-F3662B2C01FA}.Debug|x64.Build.0 = Debug|x64
		{0B7BFBAF-8E3C-4979-9C5F-F3662B2C01FA}.Debug|x86.ActiveCfg = Debug|x86
		{0B7BFBAF-8E3C-4979-9C5F-F3662B2C01FA}.Debug|x86.Build.0 = Debug|x86
		{0B7BFBAF-8E3C-4979-9C5F-F3662B2C01FA}.Release|Any CPU.ActiveCfg = Release|Any CPU
		{0B7BFBAF-8E3C-4979-9C5F-F3662B2C01FA}.Release|Any CPU.Build.0 = Release|Any CPU
		{0B7BFBAF-8E3C-4979-9C5F-F3662B2C01FA}.Release|ARM.ActiveCfg = Release|ARM
		{0B7BFBAF-8E3C-4979-9C5F-F3662B2C01FA}.Release|ARM.Build.0 = Release|ARM
		{0B7BFBAF-8E3C-4979-9C5F-F3662B2C01FA}.Release|x64.ActiveCfg = Release|x64
		{0B7BFBAF-8E3C-4979-9C5F-F3662B2C01FA}.Release|x64.Build.0 = Release|x64
		{0B7BFBAF-8E3C-4979-9C5F-F3662B2C01FA}.Release|x86.ActiveCfg = Release|x86
		{0B7BFBAF-8E3C-4979-9C5F-F3662B2C01FA}.Release|x86.Build.0 = Release|x86
		{71B691A6-52F1-43C2-8D42-8DE3344EB510}.Debug|Any CPU.ActiveCfg = Debug|Any CPU
		{71B691A6-52F1-43C2-8D42-8DE3344EB510}.Debug|Any CPU.Build.0 = Debug|Any CPU
		{71B691A6-52F1-43C2-8D42-8DE3344EB510}.Debug|ARM.ActiveCfg = Debug|ARM
		{71B691A6-52F1-43C2-8D42-8DE3344EB510}.Debug|ARM.Build.0 = Debug|ARM
		{71B691A6-52F1-43C2-8D42-8DE3344EB510}.Debug|x64.ActiveCfg = Debug|x64
		{71B691A6-52F1-43C2-8D42-8DE3344EB510}.Debug|x64.Build.0 = Debug|x64
		{71B691A6-52F1-43C2-8D42-8DE3344EB510}.Debug|x86.ActiveCfg = Debug|x86
		{71B691A6-52F1-43C2-8D42-8DE3344EB510}.Debug|x86.Build.0 = Debug|x86
		{71B691A6-52F1-43C2-8D42-8DE3344EB510}.Release|Any CPU.ActiveCfg = Release|Any CPU
		{71B691A6-52F1-43C2-8D42-8DE3344EB510}.Release|Any CPU.Build.0 = Release|Any CPU
		{71B691A6-52F1-43C2-8D42-8DE3344EB510}.Release|ARM.ActiveCfg = Release|ARM
		{71B691A6-52F1-43C2-8D42-8DE3344EB510}.Release|ARM.Build.0 = Release|ARM
		{71B691A6-52F1-43C2-8D42-8DE3344EB510}.Release|x64.ActiveCfg = Release|x64
		{71B691A6-52F1-43C2-8D42-8DE3344EB510}.Release|x64.Build.0 = Release|x64
		{71B691A6-52F1-43C2-8D42-8DE3344EB510}.Release|x86.ActiveCfg = Release|x86
		{71B691A6-52F1-43C2-8D42-8DE3344EB510}.Release|x86.Build.0 = Release|x86
		{E7BD23B5-415A-489F-BFCD-CF16F25F1107}.Debug|Any CPU.ActiveCfg = Debug|Any CPU
		{E7BD23B5-415A-489F-BFCD-CF16F25F1107}.Debug|Any CPU.Build.0 = Debug|Any CPU
		{E7BD23B5-415A-489F-BFCD-CF16F25F1107}.Debug|ARM.ActiveCfg = Debug|ARM
		{E7BD23B5-415A-489F-BFCD-CF16F25F1107}.Debug|ARM.Build.0 = Debug|ARM
		{E7BD23B5-415A-489F-BFCD-CF16F25F1107}.Debug|x64.ActiveCfg = Debug|x64
		{E7BD23B5-415A-489F-BFCD-CF16F25F1107}.Debug|x64.Build.0 = Debug|x64
		{E7BD23B5-415A-489F-BFCD-CF16F25F1107}.Debug|x86.ActiveCfg = Debug|x86
		{E7BD23B5-415A-489F-BFCD-CF16F25F1107}.Debug|x86.Build.0 = Debug|x86
		{E7BD23B5-415A-489F-BFCD-CF16F25F1107}.Release|Any CPU.ActiveCfg = Release|Any CPU
		{E7BD23B5-415A-489F-BFCD-CF16F25F1107}.Release|Any CPU.Build.0 = Release|Any CPU
		{E7BD23B5-415A-489F-BFCD-CF16F25F1107}.Release|ARM.ActiveCfg = Release|ARM
		{E7BD23B5-415A-489F-BFCD-CF16F25F1107}.Release|ARM.Build.0 = Release|ARM
		{E7BD23B5-415A-489F-BFCD-CF16F25F1107}.Release|x64.ActiveCfg = Release|x64
		{E7BD23B5-415A-489F-BFCD-CF16F25F1107}.Release|x64.Build.0 = Release|x64
		{E7BD23B5-415A-489F-BFCD-CF16F25F1107}.Release|x86.ActiveCfg = Release|x86
		{E7BD23B5-415A-489F-BFCD-CF16F25F1107}.Release|x86.Build.0 = Release|x86
		{1DDBE9BC-CBD1-4FB9-B1CC-E11BEC0E0798}.Debug|Any CPU.ActiveCfg = Debug|Any CPU
		{1DDBE9BC-CBD1-4FB9-B1CC-E11BEC0E0798}.Debug|Any CPU.Build.0 = Debug|Any CPU
		{1DDBE9BC-CBD1-4FB9-B1CC-E11BEC0E0798}.Debug|ARM.ActiveCfg = Debug|ARM
		{1DDBE9BC-CBD1-4FB9-B1CC-E11BEC0E0798}.Debug|ARM.Build.0 = Debug|ARM
		{1DDBE9BC-CBD1-4FB9-B1CC-E11BEC0E0798}.Debug|x64.ActiveCfg = Debug|x64
		{1DDBE9BC-CBD1-4FB9-B1CC-E11BEC0E0798}.Debug|x64.Build.0 = Debug|x64
		{1DDBE9BC-CBD1-4FB9-B1CC-E11BEC0E0798}.Debug|x86.ActiveCfg = Debug|x86
		{1DDBE9BC-CBD1-4FB9-B1CC-E11BEC0E0798}.Debug|x86.Build.0 = Debug|x86
		{1DDBE9BC-CBD1-4FB9-B1CC-E11BEC0E0798}.Release|Any CPU.ActiveCfg = Release|Any CPU
		{1DDBE9BC-CBD1-4FB9-B1CC-E11BEC0E0798}.Release|Any CPU.Build.0 = Release|Any CPU
		{1DDBE9BC-CBD1-4FB9-B1CC-E11BEC0E0798}.Release|ARM.ActiveCfg = Release|ARM
		{1DDBE9BC-CBD1-4FB9-B1CC-E11BEC0E0798}.Release|ARM.Build.0 = Release|ARM
		{1DDBE9BC-CBD1-4FB9-B1CC-E11BEC0E0798}.Release|x64.ActiveCfg = Release|x64
		{1DDBE9BC-CBD1-4FB9-B1CC-E11BEC0E0798}.Release|x64.Build.0 = Release|x64
		{1DDBE9BC-CBD1-4FB9-B1CC-E11BEC0E0798}.Release|x86.ActiveCfg = Release|x86
		{1DDBE9BC-CBD1-4FB9-B1CC-E11BEC0E0798}.Release|x86.Build.0 = Release|x86
		{21AF2B5B-EE02-496A-9D1B-6C692FACD68C}.Debug|Any CPU.ActiveCfg = Debug|Any CPU
		{21AF2B5B-EE02-496A-9D1B-6C692FACD68C}.Debug|Any CPU.Build.0 = Debug|Any CPU
		{21AF2B5B-EE02-496A-9D1B-6C692FACD68C}.Debug|ARM.ActiveCfg = Debug|ARM
		{21AF2B5B-EE02-496A-9D1B-6C692FACD68C}.Debug|ARM.Build.0 = Debug|ARM
		{21AF2B5B-EE02-496A-9D1B-6C692FACD68C}.Debug|x64.ActiveCfg = Debug|x64
		{21AF2B5B-EE02-496A-9D1B-6C692FACD68C}.Debug|x64.Build.0 = Debug|x64
		{21AF2B5B-EE02-496A-9D1B-6C692FACD68C}.Debug|x86.ActiveCfg = Debug|x86
		{21AF2B5B-EE02-496A-9D1B-6C692FACD68C}.Debug|x86.Build.0 = Debug|x86
		{21AF2B5B-EE02-496A-9D1B-6C692FACD68C}.Release|Any CPU.ActiveCfg = Release|Any CPU
		{21AF2B5B-EE02-496A-9D1B-6C692FACD68C}.Release|Any CPU.Build.0 = Release|Any CPU
		{21AF2B5B-EE02-496A-9D1B-6C692FACD68C}.Release|ARM.ActiveCfg = Release|ARM
		{21AF2B5B-EE02-496A-9D1B-6C692FACD68C}.Release|ARM.Build.0 = Release|ARM
		{21AF2B5B-EE02-496A-9D1B-6C692FACD68C}.Release|x64.ActiveCfg = Release|x64
		{21AF2B5B-EE02-496A-9D1B-6C692FACD68C}.Release|x64.Build.0 = Release|x64
		{21AF2B5B-EE02-496A-9D1B-6C692FACD68C}.Release|x86.ActiveCfg = Release|x86
		{21AF2B5B-EE02-496A-9D1B-6C692FACD68C}.Release|x86.Build.0 = Release|x86
	EndGlobalSection
	GlobalSection(SolutionProperties) = preSolution
		HideSolutionNode = FALSE
	EndGlobalSection
	GlobalSection(NestedProjects) = preSolution
		{520555B8-0866-4AF7-86E5-572E496B1EEF} = {42F78322-54FB-4C43-A298-56A14CB6D8F0}
		{6C691D1B-663A-48FC-8FD8-353E01459661} = {42F78322-54FB-4C43-A298-56A14CB6D8F0}
		{07491C73-58A4-405F-8BAB-C065F84B15DA} = {3602885E-12DF-493D-9C10-365C2F9E7F10}
		{3602885E-12DF-493D-9C10-365C2F9E7F10} = {6523D8C9-C7FC-4F10-A99B-26F375816769}
		{88FE4058-EE25-46E8-9EFD-20FF3249165C} = {3602885E-12DF-493D-9C10-365C2F9E7F10}
		{72E57A54-C3A9-4918-A987-6F7769F56038} = {3602885E-12DF-493D-9C10-365C2F9E7F10}
		{04FCBF91-1F22-4F69-9E75-F79C563F8054} = {3602885E-12DF-493D-9C10-365C2F9E7F10}
		{83E8EEAE-0012-41F8-9C3F-F3EBC6B4A32C} = {3602885E-12DF-493D-9C10-365C2F9E7F10}
		{063C77A7-4A06-4818-9074-3E993AFB526C} = {AE4A3F6E-0F68-4E79-899C-042DFECC8018}
		{AE4A3F6E-0F68-4E79-899C-042DFECC8018} = {6523D8C9-C7FC-4F10-A99B-26F375816769}
		{D99D40A7-81EA-4E93-AEC3-3CA4FAE1AB19} = {6523D8C9-C7FC-4F10-A99B-26F375816769}
		{1EE8B83F-B355-456B-8CD1-F0DC9ADA7AF2} = {AE4A3F6E-0F68-4E79-899C-042DFECC8018}
		{1AD50C09-C7FA-442D-885B-3BC5DB94C9FE} = {D99D40A7-81EA-4E93-AEC3-3CA4FAE1AB19}
		{9ECE595D-A662-42DE-9145-EC6B0AC3CDEB} = {D99D40A7-81EA-4E93-AEC3-3CA4FAE1AB19}
		{72422487-236D-42A6-A788-E12246D3DE44} = {D99D40A7-81EA-4E93-AEC3-3CA4FAE1AB19}
		{4315AE33-48DA-4841-ABE1-63A0B572F792} = {D99D40A7-81EA-4E93-AEC3-3CA4FAE1AB19}
		{EA28CF63-DCF0-43A6-A66F-EA7AE2B39CA3} = {D99D40A7-81EA-4E93-AEC3-3CA4FAE1AB19}
		{C013E847-DB9A-4E65-BC49-7E56960A4130} = {D99D40A7-81EA-4E93-AEC3-3CA4FAE1AB19}
		{BBB2FA54-7B04-4631-A1DC-2093C127FC08} = {D99D40A7-81EA-4E93-AEC3-3CA4FAE1AB19}
		{0B7BFBAF-8E3C-4979-9C5F-F3662B2C01FA} = {D99D40A7-81EA-4E93-AEC3-3CA4FAE1AB19}
		{71B691A6-52F1-43C2-8D42-8DE3344EB510} = {AE4A3F6E-0F68-4E79-899C-042DFECC8018}
		{E7BD23B5-415A-489F-BFCD-CF16F25F1107} = {AE4A3F6E-0F68-4E79-899C-042DFECC8018}
		{1DDBE9BC-CBD1-4FB9-B1CC-E11BEC0E0798} = {9A271440-DD77-4B65-8A0D-36D9AB971419}
		{9A271440-DD77-4B65-8A0D-36D9AB971419} = {F08296EB-843E-4C5C-A921-7B3C0D11FB95}
		{21AF2B5B-EE02-496A-9D1B-6C692FACD68C} = {721A34CE-C5C1-44ED-9FDE-80F02D64EB2B}
	EndGlobalSection
	GlobalSection(ExtensibilityGlobals) = postSolution
		SolutionGuid = {F50EBAC1-C71A-455C-8E2C-ED2170A097CC}
	EndGlobalSection
EndGlobal
